
Microsoft Visual Studio Solution File, Format Version 12.00
# Visual Studio Version 17
VisualStudioVersion = 17.4.33213.308
MinimumVisualStudioVersion = 10.0.40219.1
Project("{8BC9CEB8-8B4A-11D0-8D11-00A0C91BC942}") = "lab", "lab.vcxproj", "{52A7D098-FCB6-48B5-AD39-B747313ECAD5}"
EndProject
Global
	GlobalSection(SolutionConfigurationPlatforms) = preSolution
		Debug|x64 = Debug|x64
		Debug|x86 = Debug|x86
		Release|x64 = Release|x64
		Release|x86 = Release|x86
	EndGlobalSection
	GlobalSection(ProjectConfigurationPlatforms) = postSolution
		{52A7D098-FCB6-48B5-AD39-B747313ECAD5}.Debug|x64.ActiveCfg = Debug|x64
		{52A7D098-FCB6-48B5-AD39-B747313ECAD5}.Debug|x64.Build.0 = Debug|x64
		{52A7D098-FCB6-48B5-AD39-B747313ECAD5}.Debug|x86.ActiveCfg = Debug|Win32
		{52A7D098-FCB6-48B5-AD39-B747313ECAD5}.Debug|x86.Build.0 = Debug|Win32
		{52A7D098-FCB6-48B5-AD39-B747313ECAD5}.Release|x64.ActiveCfg = Release|x64
		{52A7D098-FCB6-48B5-AD39-B747313ECAD5}.Release|x64.Build.0 = Release|x64
		{52A7D098-FCB6-48B5-AD39-B747313ECAD5}.Release|x86.ActiveCfg = Release|Win32
		{52A7D098-FCB6-48B5-AD39-B747313ECAD5}.Release|x86.Build.0 = Release|Win32
	EndGlobalSection
	GlobalSection(SolutionProperties) = preSolution
		HideSolutionNode = FALSE
	EndGlobalSection
	GlobalSection(ExtensibilityGlobals) = postSolution
		SolutionGuid = {DE6DFA2E-265B-484B-9CB2-7DD970BC7A32}
	EndGlobalSection
EndGlobal
