
Microsoft Visual Studio Solution File, Format Version 12.00
# Visual Studio Version 17
VisualStudioVersion = 17.5.33424.131
MinimumVisualStudioVersion = 10.0.40219.1
Project("{8BC9CEB8-8B4A-11D0-8D11-00A0C91BC942}") = "12-Mar24", "12-Mar24.vcxproj", "{840B0A5A-2D06-423A-AC97-B413BB9E0EFC}"
EndProject
Global
	GlobalSection(SolutionConfigurationPlatforms) = preSolution
		Debug|x64 = Debug|x64
		Debug|x86 = Debug|x86
		Release|x64 = Release|x64
		Release|x86 = Release|x86
	EndGlobalSection
	GlobalSection(ProjectConfigurationPlatforms) = postSolution
		{840B0A5A-2D06-423A-AC97-B413BB9E0EFC}.Debug|x64.ActiveCfg = Debug|x64
		{840B0A5A-2D06-423A-AC97-B413BB9E0EFC}.Debug|x64.Build.0 = Debug|x64
		{840B0A5A-2D06-423A-AC97-B413BB9E0EFC}.Debug|x86.ActiveCfg = Debug|Win32
		{840B0A5A-2D06-423A-AC97-B413BB9E0EFC}.Debug|x86.Build.0 = Debug|Win32
		{840B0A5A-2D06-423A-AC97-B413BB9E0EFC}.Release|x64.ActiveCfg = Release|x64
		{840B0A5A-2D06-423A-AC97-B413BB9E0EFC}.Release|x64.Build.0 = Release|x64
		{840B0A5A-2D06-423A-AC97-B413BB9E0EFC}.Release|x86.ActiveCfg = Release|Win32
		{840B0A5A-2D06-423A-AC97-B413BB9E0EFC}.Release|x86.Build.0 = Release|Win32
	EndGlobalSection
	GlobalSection(SolutionProperties) = preSolution
		HideSolutionNode = FALSE
	EndGlobalSection
	GlobalSection(ExtensibilityGlobals) = postSolution
		SolutionGuid = {EA99F063-167D-4913-9DCA-6733F21B28F9}
	EndGlobalSection
EndGlobal
