
Microsoft Visual Studio Solution File, Format Version 12.00
# Visual Studio Version 17
VisualStudioVersion = 17.4.33213.308
MinimumVisualStudioVersion = 10.0.40219.1
Project("{8BC9CEB8-8B4A-11D0-8D11-00A0C91BC942}") = "DIY", "DIY.vcxproj", "{AD2FB65B-A745-4AB2-88C9-88E3B509B555}"
EndProject
Global
	GlobalSection(SolutionConfigurationPlatforms) = preSolution
		Debug|x64 = Debug|x64
		Debug|x86 = Debug|x86
		Release|x64 = Release|x64
		Release|x86 = Release|x86
	EndGlobalSection
	GlobalSection(ProjectConfigurationPlatforms) = postSolution
		{AD2FB65B-A745-4AB2-88C9-88E3B509B555}.Debug|x64.ActiveCfg = Debug|x64
		{AD2FB65B-A745-4AB2-88C9-88E3B509B555}.Debug|x64.Build.0 = Debug|x64
		{AD2FB65B-A745-4AB2-88C9-88E3B509B555}.Debug|x86.ActiveCfg = Debug|Win32
		{AD2FB65B-A745-4AB2-88C9-88E3B509B555}.Debug|x86.Build.0 = Debug|Win32
		{AD2FB65B-A745-4AB2-88C9-88E3B509B555}.Release|x64.ActiveCfg = Release|x64
		{AD2FB65B-A745-4AB2-88C9-88E3B509B555}.Release|x64.Build.0 = Release|x64
		{AD2FB65B-A745-4AB2-88C9-88E3B509B555}.Release|x86.ActiveCfg = Release|Win32
		{AD2FB65B-A745-4AB2-88C9-88E3B509B555}.Release|x86.Build.0 = Release|Win32
	EndGlobalSection
	GlobalSection(SolutionProperties) = preSolution
		HideSolutionNode = FALSE
	EndGlobalSection
	GlobalSection(ExtensibilityGlobals) = postSolution
		SolutionGuid = {C2739142-751D-409C-98D4-49E8F9E0803C}
	EndGlobalSection
EndGlobal
