
Microsoft Visual Studio Solution File, Format Version 12.00
# Visual Studio Version 17
VisualStudioVersion = 17.5.33424.131
MinimumVisualStudioVersion = 10.0.40219.1
Project("{8BC9CEB8-8B4A-11D0-8D11-00A0C91BC942}") = "15-Apr11", "15-Apr11.vcxproj", "{A3C9CAE4-54D8-43D8-86AF-1FBB26795131}"
EndProject
Global
	GlobalSection(SolutionConfigurationPlatforms) = preSolution
		Debug|x64 = Debug|x64
		Debug|x86 = Debug|x86
		Release|x64 = Release|x64
		Release|x86 = Release|x86
	EndGlobalSection
	GlobalSection(ProjectConfigurationPlatforms) = postSolution
		{A3C9CAE4-54D8-43D8-86AF-1FBB26795131}.Debug|x64.ActiveCfg = Debug|x64
		{A3C9CAE4-54D8-43D8-86AF-1FBB26795131}.Debug|x64.Build.0 = Debug|x64
		{A3C9CAE4-54D8-43D8-86AF-1FBB26795131}.Debug|x86.ActiveCfg = Debug|Win32
		{A3C9CAE4-54D8-43D8-86AF-1FBB26795131}.Debug|x86.Build.0 = Debug|Win32
		{A3C9CAE4-54D8-43D8-86AF-1FBB26795131}.Release|x64.ActiveCfg = Release|x64
		{A3C9CAE4-54D8-43D8-86AF-1FBB26795131}.Release|x64.Build.0 = Release|x64
		{A3C9CAE4-54D8-43D8-86AF-1FBB26795131}.Release|x86.ActiveCfg = Release|Win32
		{A3C9CAE4-54D8-43D8-86AF-1FBB26795131}.Release|x86.Build.0 = Release|Win32
	EndGlobalSection
	GlobalSection(SolutionProperties) = preSolution
		HideSolutionNode = FALSE
	EndGlobalSection
	GlobalSection(ExtensibilityGlobals) = postSolution
		SolutionGuid = {305CAAEE-9BC5-4BC0-85D4-17A8FE948D78}
	EndGlobalSection
EndGlobal
