
Microsoft Visual Studio Solution File, Format Version 12.00
# Visual Studio Version 17
VisualStudioVersion = 17.9.34701.34
MinimumVisualStudioVersion = 10.0.40219.1
Project("{8BC9CEB8-8B4A-11D0-8D11-00A0C91BC942}") = "09-Mar14", "09-Mar14.vcxproj", "{5645F8BE-FDDA-4C25-B884-A7182FA30736}"
EndProject
Global
	GlobalSection(SolutionConfigurationPlatforms) = preSolution
		Debug|x64 = Debug|x64
		Debug|x86 = Debug|x86
		Release|x64 = Release|x64
		Release|x86 = Release|x86
	EndGlobalSection
	GlobalSection(ProjectConfigurationPlatforms) = postSolution
		{5645F8BE-FDDA-4C25-B884-A7182FA30736}.Debug|x64.ActiveCfg = Debug|x64
		{5645F8BE-FDDA-4C25-B884-A7182FA30736}.Debug|x64.Build.0 = Debug|x64
		{5645F8BE-FDDA-4C25-B884-A7182FA30736}.Debug|x86.ActiveCfg = Debug|Win32
		{5645F8BE-FDDA-4C25-B884-A7182FA30736}.Debug|x86.Build.0 = Debug|Win32
		{5645F8BE-FDDA-4C25-B884-A7182FA30736}.Release|x64.ActiveCfg = Release|x64
		{5645F8BE-FDDA-4C25-B884-A7182FA30736}.Release|x64.Build.0 = Release|x64
		{5645F8BE-FDDA-4C25-B884-A7182FA30736}.Release|x86.ActiveCfg = Release|Win32
		{5645F8BE-FDDA-4C25-B884-A7182FA30736}.Release|x86.Build.0 = Release|Win32
	EndGlobalSection
	GlobalSection(SolutionProperties) = preSolution
		HideSolutionNode = FALSE
	EndGlobalSection
	GlobalSection(ExtensibilityGlobals) = postSolution
		SolutionGuid = {1FD191FA-7919-46A3-A34E-1281BB1BD70E}
	EndGlobalSection
EndGlobal
